PODS:
  - Alamofire (5.4.0)
  - HandyJSON (5.0.2)
  - Kingfisher (5.15.7):
    - Kingfisher/Core (= 5.15.7)
  - Kingfisher/Core (5.15.7)
  - SwiftyJSON (5.0.0)

DEPENDENCIES:
  - Alamofire
  - HandyJSON
  - Kingfisher
  - SwiftyJSON

SPEC REPOS:
  trunk:
    - Alamofire
    - HandyJSON
    - Kingfisher
    - SwiftyJSON

SPEC CHECKSUMS:
  Alamofire: 3b6a534a3df22db367e4dedeeca73d1ddfcf0e2f
  HandyJSON: 9e4e236f5d2dbefad5155a77417bbea438201c03
  Kingfisher: 6e1a13523fcb1c86924ce53affe4ac957e544d59
  SwiftyJSON: 36413e04c44ee145039d332b4f4e2d3e8d6c4db7

PODFILE CHECKSUM: ff9a89313a2e15d1e6d7f71eb28b5d9787d92f20

COCOAPODS: 1.10.0
